
Microsoft Visual Studio Solution File, Format Version 12.00
# Visual Studio Version 17
VisualStudioVersion = 17.10.35013.160
MinimumVisualStudioVersion = 10.0.40219.1
Project("{FAE04EC0-301F-11D3-BF4B-00C04F79EFBC}") = "APICallExperiment", "APICallExperiment\APICallExperiment.csproj", "{4961E2C2-8620-4FA0-B390-F7D3CCD0F56C}"
EndProject
Global
	GlobalSection(SolutionConfigurationPlatforms) = preSolution
		Debug|Any CPU = Debug|Any CPU
		Release|Any CPU = Release|Any CPU
	EndGlobalSection
	GlobalSection(ProjectConfigurationPlatforms) = postSolution
		{4961E2C2-8620-4FA0-B390-F7D3CCD0F56C}.Debug|Any CPU.ActiveCfg = Debug|Any CPU
		{4961E2C2-8620-4FA0-B390-F7D3CCD0F56C}.Debug|Any CPU.Build.0 = Debug|Any CPU
		{4961E2C2-8620-4FA0-B390-F7D3CCD0F56C}.Release|Any CPU.ActiveCfg = Release|Any CPU
		{4961E2C2-8620-4FA0-B390-F7D3CCD0F56C}.Release|Any CPU.Build.0 = Release|Any CPU
	EndGlobalSection
	GlobalSection(SolutionProperties) = preSolution
		HideSolutionNode = FALSE
	EndGlobalSection
	GlobalSection(ExtensibilityGlobals) = postSolution
		SolutionGuid = {B5DAED4F-2642-4D61-8520-6482B031FC20}
	EndGlobalSection
EndGlobal
